
Microsoft Visual Studio Solution File, Format Version 12.00
Project("{FAE04EC0-301F-11D3-BF4B-00C04F79EFBC}") = "OwnAgent", "OwnAgent\OwnAgent.csproj", "{0A82FC02-B237-45DC-A32A-23975E59A92A}"
EndProject
Project("{FAE04EC0-301F-11D3-BF4B-00C04F79EFBC}") = "Tests", "Tests\Tests.csproj", "{B74AA015-54E5-42E5-B8B3-536461D5A9EA}"
EndProject
Global
	GlobalSection(SolutionConfigurationPlatforms) = preSolution
		Debug|Any CPU = Debug|Any CPU
		Release|Any CPU = Release|Any CPU
	EndGlobalSection
	GlobalSection(ProjectConfigurationPlatforms) = postSolution
		{0A82FC02-B237-45DC-A32A-23975E59A92A}.Debug|Any CPU.ActiveCfg = Debug|Any CPU
		{0A82FC02-B237-45DC-A32A-23975E59A92A}.Debug|Any CPU.Build.0 = Debug|Any CPU
		{0A82FC02-B237-45DC-A32A-23975E59A92A}.Release|Any CPU.ActiveCfg = Release|Any CPU
		{0A82FC02-B237-45DC-A32A-23975E59A92A}.Release|Any CPU.Build.0 = Release|Any CPU
		{B74AA015-54E5-42E5-B8B3-536461D5A9EA}.Debug|Any CPU.ActiveCfg = Debug|Any CPU
		{B74AA015-54E5-42E5-B8B3-536461D5A9EA}.Debug|Any CPU.Build.0 = Debug|Any CPU
		{B74AA015-54E5-42E5-B8B3-536461D5A9EA}.Release|Any CPU.ActiveCfg = Release|Any CPU
		{B74AA015-54E5-42E5-B8B3-536461D5A9EA}.Release|Any CPU.Build.0 = Release|Any CPU
	EndGlobalSection
EndGlobal
